
Microsoft Visual Studio Solution File, Format Version 12.00
# Visual Studio Version 17
VisualStudioVersion = 17.0.31903.59
MinimumVisualStudioVersion = 10.0.40219.1
Project("{2150E333-8FDC-42A3-9474-1A3956D46DE8}") = "Solution Items", "Solution Items", "{42A62A62-29EB-43CD-B4B9-B00A7B1BA32B}"
EndProject
Project("{FAE04EC0-301F-11D3-BF4B-00C04F79EFBC}") = "Zentry.API", "src\Zentry.API\Zentry.API.csproj", "{17DAF7D0-868E-49CF-9135-4C50C0DF0831}"
EndProject
Project("{FAE04EC0-301F-11D3-BF4B-00C04F79EFBC}") = "Zentry.SharedKernel", "src\Zentry.SharedKernel\Zentry.SharedKernel.csproj", "{F51C93A0-BA62-4F9D-AEE6-DD6C005AADC2}"
EndProject
Project("{FAE04EC0-301F-11D3-BF4B-00C04F79EFBC}") = "Zentry.Infrastructure", "src\Zentry.Infrastructure\Zentry.Infrastructure.csproj", "{A5FB823E-13FE-4E52-9D2E-C1FED3F3437E}"
EndProject
Project("{2150E333-8FDC-42A3-9474-1A3956D46DE8}") = "Zentry.Modules", "Zentry.Modules", "{E5978E3B-C456-4EFF-8869-BE94283AE234}"
EndProject
Project("{2150E333-8FDC-42A3-9474-1A3956D46DE8}") = "Attendance", "Attendance", "{09FB2F20-4B15-4433-ACEC-15F5E1746C8F}"
EndProject
Project("{2150E333-8FDC-42A3-9474-1A3956D46DE8}") = "Device", "Device", "{E24108BB-981E-4040-A043-DA2055EE50B9}"
EndProject
Project("{2150E333-8FDC-42A3-9474-1A3956D46DE8}") = "Notification", "Notification", "{9C97D6BC-0882-450F-AB27-E43F07950522}"
EndProject
Project("{2150E333-8FDC-42A3-9474-1A3956D46DE8}") = "Configuration", "Configuration", "{31645492-FCCB-412F-AEB1-09558B953F02}"
EndProject
Project("{FAE04EC0-301F-11D3-BF4B-00C04F79EFBC}") = "Zentry.Modules.AttendanceManagement.Domain", "src\Zentry.Modules\AttendanceManagement\Zentry.Modules.AttendanceManagement.Domain\Zentry.Modules.AttendanceManagement.Domain.csproj", "{20036B57-8D03-40E0-B14B-8B9A936AEA43}"
EndProject
Project("{FAE04EC0-301F-11D3-BF4B-00C04F79EFBC}") = "Zentry.Modules.AttendanceManagement.Application", "src\Zentry.Modules\AttendanceManagement\Zentry.Modules.AttendanceManagement.Application\Zentry.Modules.AttendanceManagement.Application.csproj", "{8593AD70-3196-4740-88D6-7CCCA18B3E14}"
EndProject
Project("{FAE04EC0-301F-11D3-BF4B-00C04F79EFBC}") = "Zentry.Modules.AttendanceManagement.Presentation", "src\Zentry.Modules\AttendanceManagement\Zentry.Modules.AttendanceManagement.Presentation\Zentry.Modules.AttendanceManagement.Presentation.csproj", "{590A65A3-709D-4422-8023-4088DDF9E067}"
EndProject
Project("{FAE04EC0-301F-11D3-BF4B-00C04F79EFBC}") = "Zentry.Modules.AttendanceManagement.Infrastructure", "src\Zentry.Modules\AttendanceManagement\Zentry.Modules.AttendanceManagement.Infrastructure\Zentry.Modules.AttendanceManagement.Infrastructure.csproj", "{A2F27F53-CED7-4A43-8A5E-AC124481E52F}"
EndProject
Project("{2150E333-8FDC-42A3-9474-1A3956D46DE8}") = "Schedule", "Schedule", "{E74FBAF5-0D54-482C-B6EA-816DC6921F6C}"
EndProject
Project("{FAE04EC0-301F-11D3-BF4B-00C04F79EFBC}") = "Zentry.Modules.ScheduleManagement.Application", "src\Zentry.Modules\ScheduleManagement\Zentry.Modules.ScheduleManagement.Application\Zentry.Modules.ScheduleManagement.Application.csproj", "{42FEB643-CB0B-4A37-B20A-9F3B6A6467E5}"
EndProject
Project("{FAE04EC0-301F-11D3-BF4B-00C04F79EFBC}") = "Zentry.Modules.ScheduleManagement.Domain", "src\Zentry.Modules\ScheduleManagement\Zentry.Modules.ScheduleManagement.Domain\Zentry.Modules.ScheduleManagement.Domain.csproj", "{FD266F49-8003-4D01-A49C-2E48CF19A96D}"
EndProject
Project("{FAE04EC0-301F-11D3-BF4B-00C04F79EFBC}") = "Zentry.Modules.ScheduleManagement.Infrastructure", "src\Zentry.Modules\ScheduleManagement\Zentry.Modules.ScheduleManagement.Infrastructure\Zentry.Modules.ScheduleManagement.Infrastructure.csproj", "{4AEF1ABE-98A7-4E49-AC71-27B1ACE4A6F3}"
EndProject
Project("{FAE04EC0-301F-11D3-BF4B-00C04F79EFBC}") = "Zentry.Modules.ScheduleManagement.Presentation", "src\Zentry.Modules\ScheduleManagement\Zentry.Modules.ScheduleManagement.Presentation\Zentry.Modules.ScheduleManagement.Presentation.csproj", "{89039672-1BB3-4B1C-BEC2-D20C6486F71D}"
EndProject
Project("{FAE04EC0-301F-11D3-BF4B-00C04F79EFBC}") = "Zentry.Modules.NotificationService", "src\Zentry.Modules\NotificationService\Zentry.Modules.NotificationService\Zentry.Modules.NotificationService.csproj", "{FB03B88E-B9B8-E93F-1A8A-F9B874EF36A0}"
EndProject
Project("{2150E333-8FDC-42A3-9474-1A3956D46DE8}") = "User", "User", "{674F5320-4F7A-4498-ACBA-11923E1614EF}"
EndProject
Project("{FAE04EC0-301F-11D3-BF4B-00C04F79EFBC}") = "Zentry.Modules.UserManagement", "src\Zentry.Modules\UserManagement\Zentry.Modules.UserManagement\Zentry.Modules.UserManagement.csproj", "{662279C9-2E3B-4289-87E4-05949F74D6FA}"
EndProject
Project("{FAE04EC0-301F-11D3-BF4B-00C04F79EFBC}") = "Zentry.Modules.ConfigurationManagement", "src\Zentry.Modules\ConfigurationManagement\Zentry.Modules.ConfigurationManagement\Zentry.Modules.ConfigurationManagement.csproj", "{3058E3FE-748B-40EA-A5D9-0DD8F8D01E5A}"
EndProject
Project("{E53339B2-1760-4266-BCC7-CA923CBCF16C}") = "docker-compose", "docker-compose.dcproj", "{81DDED9D-158B-E303-5F62-77A2896D2A5A}"
EndProject
Project("{FAE04EC0-301F-11D3-BF4B-00C04F79EFBC}") = "Zentry.Modules.DeviceManagement", "src\Zentry.Modules\DeviceManagement\Zentry.Modules.DeviceManagement\Zentry.Modules.DeviceManagement.csproj", "{A306972B-1EA0-4310-934D-F037C5DDA998}"
EndProject
Project("{2150E333-8FDC-42A3-9474-1A3956D46DE8}") = "FaceId", "FaceId", "{F5B6A320-4F7A-4498-ACBA-11923E1614E5}"
EndProject
Project("{FAE04EC0-301F-11D3-BF4B-00C04F79EFBC}") = "Zentry.Modules.FaceId", "src\Zentry.Modules\FaceId\Zentry.Modules.FaceId.csproj", "{B306972B-1EA0-4310-934D-F037C5DDA999}"
EndProject
Global
	GlobalSection(SolutionConfigurationPlatforms) = preSolution
		Debug|Any CPU = Debug|Any CPU
		Release|Any CPU = Release|Any CPU
	EndGlobalSection
	GlobalSection(ProjectConfigurationPlatforms) = postSolution
		{17DAF7D0-868E-49CF-9135-4C50C0DF0831}.Debug|Any CPU.ActiveCfg = Debug|Any CPU
		{17DAF7D0-868E-49CF-9135-4C50C0DF0831}.Debug|Any CPU.Build.0 = Debug|Any CPU
		{17DAF7D0-868E-49CF-9135-4C50C0DF0831}.Release|Any CPU.ActiveCfg = Release|Any CPU
		{17DAF7D0-868E-49CF-9135-4C50C0DF0831}.Release|Any CPU.Build.0 = Release|Any CPU
		{F51C93A0-BA62-4F9D-AEE6-DD6C005AADC2}.Debug|Any CPU.ActiveCfg = Debug|Any CPU
		{F51C93A0-BA62-4F9D-AEE6-DD6C005AADC2}.Debug|Any CPU.Build.0 = Debug|Any CPU
		{F51C93A0-BA62-4F9D-AEE6-DD6C005AADC2}.Release|Any CPU.ActiveCfg = Release|Any CPU
		{F51C93A0-BA62-4F9D-AEE6-DD6C005AADC2}.Release|Any CPU.Build.0 = Release|Any CPU
		{A5FB823E-13FE-4E52-9D2E-C1FED3F3437E}.Debug|Any CPU.ActiveCfg = Debug|Any CPU
		{A5FB823E-13FE-4E52-9D2E-C1FED3F3437E}.Debug|Any CPU.Build.0 = Debug|Any CPU
		{A5FB823E-13FE-4E52-9D2E-C1FED3F3437E}.Release|Any CPU.ActiveCfg = Release|Any CPU
		{A5FB823E-13FE-4E52-9D2E-C1FED3F3437E}.Release|Any CPU.Build.0 = Release|Any CPU
		{20036B57-8D03-40E0-B14B-8B9A936AEA43}.Debug|Any CPU.ActiveCfg = Debug|Any CPU
		{20036B57-8D03-40E0-B14B-8B9A936AEA43}.Debug|Any CPU.Build.0 = Debug|Any CPU
		{20036B57-8D03-40E0-B14B-8B9A936AEA43}.Release|Any CPU.ActiveCfg = Release|Any CPU
		{20036B57-8D03-40E0-B14B-8B9A936AEA43}.Release|Any CPU.Build.0 = Release|Any CPU
		{8593AD70-3196-4740-88D6-7CCCA18B3E14}.Debug|Any CPU.ActiveCfg = Debug|Any CPU
		{8593AD70-3196-4740-88D6-7CCCA18B3E14}.Debug|Any CPU.Build.0 = Debug|Any CPU
		{8593AD70-3196-4740-88D6-7CCCA18B3E14}.Release|Any CPU.ActiveCfg = Release|Any CPU
		{8593AD70-3196-4740-88D6-7CCCA18B3E14}.Release|Any CPU.Build.0 = Release|Any CPU
		{590A65A3-709D-4422-8023-4088DDF9E067}.Debug|Any CPU.ActiveCfg = Debug|Any CPU
		{590A65A3-709D-4422-8023-4088DDF9E067}.Debug|Any CPU.Build.0 = Debug|Any CPU
		{590A65A3-709D-4422-8023-4088DDF9E067}.Release|Any CPU.ActiveCfg = Release|Any CPU
		{590A65A3-709D-4422-8023-4088DDF9E067}.Release|Any CPU.Build.0 = Release|Any CPU
		{A2F27F53-CED7-4A43-8A5E-AC124481E52F}.Debug|Any CPU.ActiveCfg = Debug|Any CPU
		{A2F27F53-CED7-4A43-8A5E-AC124481E52F}.Debug|Any CPU.Build.0 = Debug|Any CPU
		{A2F27F53-CED7-4A43-8A5E-AC124481E52F}.Release|Any CPU.ActiveCfg = Release|Any CPU
		{A2F27F53-CED7-4A43-8A5E-AC124481E52F}.Release|Any CPU.Build.0 = Release|Any CPU
		{42FEB643-CB0B-4A37-B20A-9F3B6A6467E5}.Debug|Any CPU.ActiveCfg = Debug|Any CPU
		{42FEB643-CB0B-4A37-B20A-9F3B6A6467E5}.Debug|Any CPU.Build.0 = Debug|Any CPU
		{42FEB643-CB0B-4A37-B20A-9F3B6A6467E5}.Release|Any CPU.ActiveCfg = Release|Any CPU
		{42FEB643-CB0B-4A37-B20A-9F3B6A6467E5}.Release|Any CPU.Build.0 = Release|Any CPU
		{FD266F49-8003-4D01-A49C-2E48CF19A96D}.Debug|Any CPU.ActiveCfg = Debug|Any CPU
		{FD266F49-8003-4D01-A49C-2E48CF19A96D}.Debug|Any CPU.Build.0 = Debug|Any CPU
		{FD266F49-8003-4D01-A49C-2E48CF19A96D}.Release|Any CPU.ActiveCfg = Release|Any CPU
		{FD266F49-8003-4D01-A49C-2E48CF19A96D}.Release|Any CPU.Build.0 = Release|Any CPU
		{4AEF1ABE-98A7-4E49-AC71-27B1ACE4A6F3}.Debug|Any CPU.ActiveCfg = Debug|Any CPU
		{4AEF1ABE-98A7-4E49-AC71-27B1ACE4A6F3}.Debug|Any CPU.Build.0 = Debug|Any CPU
		{4AEF1ABE-98A7-4E49-AC71-27B1ACE4A6F3}.Release|Any CPU.ActiveCfg = Release|Any CPU
		{4AEF1ABE-98A7-4E49-AC71-27B1ACE4A6F3}.Release|Any CPU.Build.0 = Release|Any CPU
		{89039672-1BB3-4B1C-BEC2-D20C6486F71D}.Debug|Any CPU.ActiveCfg = Debug|Any CPU
		{89039672-1BB3-4B1C-BEC2-D20C6486F71D}.Debug|Any CPU.Build.0 = Debug|Any CPU
		{89039672-1BB3-4B1C-BEC2-D20C6486F71D}.Release|Any CPU.ActiveCfg = Release|Any CPU
		{89039672-1BB3-4B1C-BEC2-D20C6486F71D}.Release|Any CPU.Build.0 = Release|Any CPU
		{FB03B88E-B9B8-E93F-1A8A-F9B874EF36A0}.Debug|Any CPU.ActiveCfg = Debug|Any CPU
		{FB03B88E-B9B8-E93F-1A8A-F9B874EF36A0}.Debug|Any CPU.Build.0 = Debug|Any CPU
		{FB03B88E-B9B8-E93F-1A8A-F9B874EF36A0}.Release|Any CPU.ActiveCfg = Release|Any CPU
		{FB03B88E-B9B8-E93F-1A8A-F9B874EF36A0}.Release|Any CPU.Build.0 = Release|Any CPU
		{662279C9-2E3B-4289-87E4-05949F74D6FA}.Debug|Any CPU.ActiveCfg = Debug|Any CPU
		{662279C9-2E3B-4289-87E4-05949F74D6FA}.Debug|Any CPU.Build.0 = Debug|Any CPU
		{662279C9-2E3B-4289-87E4-05949F74D6FA}.Release|Any CPU.ActiveCfg = Release|Any CPU
		{662279C9-2E3B-4289-87E4-05949F74D6FA}.Release|Any CPU.Build.0 = Release|Any CPU
		{3058E3FE-748B-40EA-A5D9-0DD8F8D01E5A}.Debug|Any CPU.ActiveCfg = Debug|Any CPU
		{3058E3FE-748B-40EA-A5D9-0DD8F8D01E5A}.Debug|Any CPU.Build.0 = Debug|Any CPU
		{3058E3FE-748B-40EA-A5D9-0DD8F8D01E5A}.Release|Any CPU.ActiveCfg = Release|Any CPU
		{3058E3FE-748B-40EA-A5D9-0DD8F8D01E5A}.Release|Any CPU.Build.0 = Release|Any CPU
		{81DDED9D-158B-E303-5F62-77A2896D2A5A}.Debug|Any CPU.ActiveCfg = Debug|Any CPU
		{81DDED9D-158B-E303-5F62-77A2896D2A5A}.Debug|Any CPU.Build.0 = Debug|Any CPU
		{81DDED9D-158B-E303-5F62-77A2896D2A5A}.Release|Any CPU.ActiveCfg = Release|Any CPU
		{81DDED9D-158B-E303-5F62-77A2896D2A5A}.Release|Any CPU.Build.0 = Release|Any CPU
		{A306972B-1EA0-4310-934D-F037C5DDA998}.Debug|Any CPU.ActiveCfg = Debug|Any CPU
		{A306972B-1EA0-4310-934D-F037C5DDA998}.Debug|Any CPU.Build.0 = Debug|Any CPU
		{A306972B-1EA0-4310-934D-F037C5DDA998}.Release|Any CPU.ActiveCfg = Release|Any CPU
		{A306972B-1EA0-4310-934D-F037C5DDA998}.Release|Any CPU.Build.0 = Release|Any CPU
		{F5B6A320-4F7A-4498-ACBA-11923E1614E5}.Debug|Any CPU.ActiveCfg = Debug|Any CPU
		{F5B6A320-4F7A-4498-ACBA-11923E1614E5}.Debug|Any CPU.Build.0 = Debug|Any CPU
		{F5B6A320-4F7A-4498-ACBA-11923E1614E5}.Release|Any CPU.ActiveCfg = Release|Any CPU
		{F5B6A320-4F7A-4498-ACBA-11923E1614E5}.Release|Any CPU.Build.0 = Release|Any CPU
		{B306972B-1EA0-4310-934D-F037C5DDA999}.Debug|Any CPU.ActiveCfg = Debug|Any CPU
		{B306972B-1EA0-4310-934D-F037C5DDA999}.Debug|Any CPU.Build.0 = Debug|Any CPU
		{B306972B-1EA0-4310-934D-F037C5DDA999}.Release|Any CPU.ActiveCfg = Release|Any CPU
		{B306972B-1EA0-4310-934D-F037C5DDA999}.Release|Any CPU.Build.0 = Release|Any CPU
	EndGlobalSection
	GlobalSection(SolutionProperties) = preSolution
		HideSolutionNode = FALSE
	EndGlobalSection
	GlobalSection(NestedProjects) = preSolution
		{09FB2F20-4B15-4433-ACEC-15F5E1746C8F} = {E5978E3B-C456-4EFF-8869-BE94283AE234}
		{E24108BB-981E-4040-A043-DA2055EE50B9} = {E5978E3B-C456-4EFF-8869-BE94283AE234}
		{9C97D6BC-0882-450F-AB27-E43F07950522} = {E5978E3B-C456-4EFF-8869-BE94283AE234}
		{31645492-FCCB-412F-AEB1-09558B953F02} = {E5978E3B-C456-4EFF-8869-BE94283AE234}
		{20036B57-8D03-40E0-B14B-8B9A936AEA43} = {09FB2F20-4B15-4433-ACEC-15F5E1746C8F}
		{8593AD70-3196-4740-88D6-7CCCA18B3E14} = {09FB2F20-4B15-4433-ACEC-15F5E1746C8F}
		{590A65A3-709D-4422-8023-4088DDF9E067} = {09FB2F20-4B15-4433-ACEC-15F5E1746C8F}
		{A2F27F53-CED7-4A43-8A5E-AC124481E52F} = {09FB2F20-4B15-4433-ACEC-15F5E1746C8F}
		{E74FBAF5-0D54-482C-B6EA-816DC6921F6C} = {E5978E3B-C456-4EFF-8869-BE94283AE234}
		{42FEB643-CB0B-4A37-B20A-9F3B6A6467E5} = {E74FBAF5-0D54-482C-B6EA-816DC6921F6C}
		{FD266F49-8003-4D01-A49C-2E48CF19A96D} = {E74FBAF5-0D54-482C-B6EA-816DC6921F6C}
		{4AEF1ABE-98A7-4E49-AC71-27B1ACE4A6F3} = {E74FBAF5-0D54-482C-B6EA-816DC6921F6C}
		{89039672-1BB3-4B1C-BEC2-D20C6486F71D} = {E74FBAF5-0D54-482C-B6EA-816DC6921F6C}
		{FB03B88E-B9B8-E93F-1A8A-F9B874EF36A0} = {9C97D6BC-0882-450F-AB27-E43F07950522}
		{674F5320-4F7A-4498-ACBA-11923E1614EF} = {E5978E3B-C456-4EFF-8869-BE94283AE234}
		{662279C9-2E3B-4289-87E4-05949F74D6FA} = {674F5320-4F7A-4498-ACBA-11923E1614EF}
		{3058E3FE-748B-40EA-A5D9-0DD8F8D01E5A} = {31645492-FCCB-412F-AEB1-09558B953F02}
		{A306972B-1EA0-4310-934D-F037C5DDA998} = {E24108BB-981E-4040-A043-DA2055EE50B9}
		{F5B6A320-4F7A-4498-ACBA-11923E1614E5} = {E5978E3B-C456-4EFF-8869-BE94283AE234}
		{B306972B-1EA0-4310-934D-F037C5DDA999} = {F5B6A320-4F7A-4498-ACBA-11923E1614E5}
	EndGlobalSection
	GlobalSection(ExtensibilityGlobals) = postSolution
		SolutionGuid = {4EB49780-9AAE-4B6F-BBC8-F71D278C1B92}
	EndGlobalSection
EndGlobal
